{
  "meteor": {},
  "dependencies": {
    "basePackages": {
      "iron-router": {},
      "scss": {},
      "npm": {},
      "streams": {},
      "underscore-string-latest": {},
      "session-extended-api": {}
    },
    "packages": {
      "iron-router": {
        "git": "https://github.com/EventedMind/iron-router.git",
        "tag": "v0.7.1",
        "commit": "d1ffb3f06ea4c112132b030f2eb1a70b81675ecb"
      },
      "scss": {
        "git": "https://github.com/fourseven/meteor-scss.git",
        "tag": "v0.8.7",
        "commit": "d085b7272eacc20866abff61b25c915a22ddbcf4"
      },
      "npm": {
        "git": "https://github.com/arunoda/meteor-npm.git",
        "tag": "v0.2.6",
        "commit": "177ab6118de5bf8cffb19481343d5762ff7a2aaf"
      },
      "streams": {
        "git": "https://github.com/arunoda/meteor-streams.git",
        "tag": "v0.1.17",
        "commit": "9fcbbc9b7bf542827babc92089c19e730892a22f"
      },
      "underscore-string-latest": {
        "git": "https://github.com/TimHeckel/meteor-underscore-string.git",
        "tag": "v2.3.3",
        "commit": "4a5d70eee48fbd90a6e6fc78747250d704a0b3bb"
      },
      "session-extended-api": {
        "git": "https://github.com/awatson1978/session-extended-api.git",
        "tag": "v0.1.3",
        "commit": "7b13174d54a9ff04001cbe5387e08c0d776342aa"
      },
      "blaze-layout": {
        "git": "https://github.com/EventedMind/blaze-layout.git",
        "tag": "v0.2.4",
        "commit": "b40e9b0612329288d75cf52ad14a7da64bb8618f"
      }
    }
  }
}
